
Microsoft Visual Studio Solution File, Format Version 12.00
# Visual Studio Version 17
VisualStudioVersion = 17.14.37012.4 d17.14
MinimumVisualStudioVersion = 10.0.40219.1
Project("{FAE04EC0-301F-11D3-BF4B-00C04F79EFBC}") = "WebAPIDemo", "WebAPIDemo\WebAPIDemo.csproj", "{901E41FC-E984-424D-9351-8FC96991A283}"
EndProject
Global
	GlobalSection(SolutionConfigurationPlatforms) = preSolution
		Debug|Any CPU = Debug|Any CPU
		Release|Any CPU = Release|Any CPU
	EndGlobalSection
	GlobalSection(ProjectConfigurationPlatforms) = postSolution
		{901E41FC-E984-424D-9351-8FC96991A283}.Debug|Any CPU.ActiveCfg = Debug|Any CPU
		{901E41FC-E984-424D-9351-8FC96991A283}.Debug|Any CPU.Build.0 = Debug|Any CPU
		{901E41FC-E984-424D-9351-8FC96991A283}.Release|Any CPU.ActiveCfg = Release|Any CPU
		{901E41FC-E984-424D-9351-8FC96991A283}.Release|Any CPU.Build.0 = Release|Any CPU
	EndGlobalSection
	GlobalSection(SolutionProperties) = preSolution
		HideSolutionNode = FALSE
	EndGlobalSection
	GlobalSection(ExtensibilityGlobals) = postSolution
		SolutionGuid = {55B81E68-16DC-4E1A-A69A-C240A239AEFE}
	EndGlobalSection
EndGlobal
