
Microsoft Visual Studio Solution File, Format Version 12.00
# Visual Studio Version 17
VisualStudioVersion = 17.14.37012.4 d17.14
MinimumVisualStudioVersion = 10.0.40219.1
Project("{FAE04EC0-301F-11D3-BF4B-00C04F79EFBC}") = "EFDemo", "EFDemo\EFDemo.csproj", "{4AC9F2F8-74AD-4E95-8077-67D8D781C16E}"
EndProject
Global
	GlobalSection(SolutionConfigurationPlatforms) = preSolution
		Debug|Any CPU = Debug|Any CPU
		Release|Any CPU = Release|Any CPU
	EndGlobalSection
	GlobalSection(ProjectConfigurationPlatforms) = postSolution
		{4AC9F2F8-74AD-4E95-8077-67D8D781C16E}.Debug|Any CPU.ActiveCfg = Debug|Any CPU
		{4AC9F2F8-74AD-4E95-8077-67D8D781C16E}.Debug|Any CPU.Build.0 = Debug|Any CPU
		{4AC9F2F8-74AD-4E95-8077-67D8D781C16E}.Release|Any CPU.ActiveCfg = Release|Any CPU
		{4AC9F2F8-74AD-4E95-8077-67D8D781C16E}.Release|Any CPU.Build.0 = Release|Any CPU
	EndGlobalSection
	GlobalSection(SolutionProperties) = preSolution
		HideSolutionNode = FALSE
	EndGlobalSection
	GlobalSection(ExtensibilityGlobals) = postSolution
		SolutionGuid = {7082C4A3-35B0-476C-9A1E-ACF5C29283AA}
	EndGlobalSection
EndGlobal
