
Microsoft Visual Studio Solution File, Format Version 12.00
# Visual Studio Version 17
VisualStudioVersion = 17.13.35825.156 d17.13
MinimumVisualStudioVersion = 10.0.40219.1
Project("{FAE04EC0-301F-11D3-BF4B-00C04F79EFBC}") = "WpfPractice238", "WpfPractice238\WpfPractice238.csproj", "{06BB101A-E581-45AD-AA13-195E65694311}"
EndProject
Global
	GlobalSection(SolutionConfigurationPlatforms) = preSolution
		Debug|Any CPU = Debug|Any CPU
		Release|Any CPU = Release|Any CPU
	EndGlobalSection
	GlobalSection(ProjectConfigurationPlatforms) = postSolution
		{06BB101A-E581-45AD-AA13-195E65694311}.Debug|Any CPU.ActiveCfg = Debug|Any CPU
		{06BB101A-E581-45AD-AA13-195E65694311}.Debug|Any CPU.Build.0 = Debug|Any CPU
		{06BB101A-E581-45AD-AA13-195E65694311}.Release|Any CPU.ActiveCfg = Release|Any CPU
		{06BB101A-E581-45AD-AA13-195E65694311}.Release|Any CPU.Build.0 = Release|Any CPU
	EndGlobalSection
	GlobalSection(SolutionProperties) = preSolution
		HideSolutionNode = FALSE
	EndGlobalSection
	GlobalSection(ExtensibilityGlobals) = postSolution
		SolutionGuid = {7728D698-15E2-4008-8393-2DF24325AC2C}
	EndGlobalSection
EndGlobal
