
Microsoft Visual Studio Solution File, Format Version 12.00
# Visual Studio Version 17
VisualStudioVersion = 17.13.35825.156 d17.13
MinimumVisualStudioVersion = 10.0.40219.1
Project("{FAE04EC0-301F-11D3-BF4B-00C04F79EFBC}") = "StockPriceCourseExercise", "StockPriceCourseExercise\StockPriceCourseExercise.csproj", "{D393D595-8170-437D-A05B-00CCD6AB0449}"
EndProject
Global
	GlobalSection(SolutionConfigurationPlatforms) = preSolution
		Debug|Any CPU = Debug|Any CPU
		Release|Any CPU = Release|Any CPU
	EndGlobalSection
	GlobalSection(ProjectConfigurationPlatforms) = postSolution
		{D393D595-8170-437D-A05B-00CCD6AB0449}.Debug|Any CPU.ActiveCfg = Debug|Any CPU
		{D393D595-8170-437D-A05B-00CCD6AB0449}.Debug|Any CPU.Build.0 = Debug|Any CPU
		{D393D595-8170-437D-A05B-00CCD6AB0449}.Release|Any CPU.ActiveCfg = Release|Any CPU
		{D393D595-8170-437D-A05B-00CCD6AB0449}.Release|Any CPU.Build.0 = Release|Any CPU
	EndGlobalSection
	GlobalSection(SolutionProperties) = preSolution
		HideSolutionNode = FALSE
	EndGlobalSection
	GlobalSection(ExtensibilityGlobals) = postSolution
		SolutionGuid = {206C8CF4-76E3-44D9-9DFF-725C01F4AF59}
	EndGlobalSection
EndGlobal
