
Microsoft Visual Studio Solution File, Format Version 12.00
# Visual Studio Version 17
VisualStudioVersion = 17.13.35825.156 d17.13
MinimumVisualStudioVersion = 10.0.40219.1
Project("{FAE04EC0-301F-11D3-BF4B-00C04F79EFBC}") = "EnumPractice", "EnumPractice\EnumPractice.csproj", "{44284A8C-0265-4417-B9BD-10004A8CF82A}"
EndProject
Global
	GlobalSection(SolutionConfigurationPlatforms) = preSolution
		Debug|Any CPU = Debug|Any CPU
		Release|Any CPU = Release|Any CPU
	EndGlobalSection
	GlobalSection(ProjectConfigurationPlatforms) = postSolution
		{44284A8C-0265-4417-B9BD-10004A8CF82A}.Debug|Any CPU.ActiveCfg = Debug|Any CPU
		{44284A8C-0265-4417-B9BD-10004A8CF82A}.Debug|Any CPU.Build.0 = Debug|Any CPU
		{44284A8C-0265-4417-B9BD-10004A8CF82A}.Release|Any CPU.ActiveCfg = Release|Any CPU
		{44284A8C-0265-4417-B9BD-10004A8CF82A}.Release|Any CPU.Build.0 = Release|Any CPU
	EndGlobalSection
	GlobalSection(SolutionProperties) = preSolution
		HideSolutionNode = FALSE
	EndGlobalSection
	GlobalSection(ExtensibilityGlobals) = postSolution
		SolutionGuid = {246D9ED1-62CE-4DE5-84F7-DE0F2321E2A9}
	EndGlobalSection
EndGlobal
