
Microsoft Visual Studio Solution File, Format Version 12.00
# Visual Studio Version 17
VisualStudioVersion = 17.14.37012.4 d17.14
MinimumVisualStudioVersion = 10.0.40219.1
Project("{FAE04EC0-301F-11D3-BF4B-00C04F79EFBC}") = "ActionDelegatePractice", "ActionDelegatePractice\ActionDelegatePractice.csproj", "{BFBC0B57-B97D-4D3E-B477-16BB2345333E}"
EndProject
Global
	GlobalSection(SolutionConfigurationPlatforms) = preSolution
		Debug|Any CPU = Debug|Any CPU
		Release|Any CPU = Release|Any CPU
	EndGlobalSection
	GlobalSection(ProjectConfigurationPlatforms) = postSolution
		{BFBC0B57-B97D-4D3E-B477-16BB2345333E}.Debug|Any CPU.ActiveCfg = Debug|Any CPU
		{BFBC0B57-B97D-4D3E-B477-16BB2345333E}.Debug|Any CPU.Build.0 = Debug|Any CPU
		{BFBC0B57-B97D-4D3E-B477-16BB2345333E}.Release|Any CPU.ActiveCfg = Release|Any CPU
		{BFBC0B57-B97D-4D3E-B477-16BB2345333E}.Release|Any CPU.Build.0 = Release|Any CPU
	EndGlobalSection
	GlobalSection(SolutionProperties) = preSolution
		HideSolutionNode = FALSE
	EndGlobalSection
	GlobalSection(ExtensibilityGlobals) = postSolution
		SolutionGuid = {3F93A7C0-8399-4B81-8EB2-A4BF223315A9}
	EndGlobalSection
EndGlobal
