
Microsoft Visual Studio Solution File, Format Version 12.00
# Visual Studio Version 17
VisualStudioVersion = 17.13.35825.156 d17.13
MinimumVisualStudioVersion = 10.0.40219.1
Project("{FAE04EC0-301F-11D3-BF4B-00C04F79EFBC}") = "RegexPractice", "RegexPractice\RegexPractice.csproj", "{E0409174-295E-4830-B584-C7A972E85D34}"
EndProject
Global
	GlobalSection(SolutionConfigurationPlatforms) = preSolution
		Debug|Any CPU = Debug|Any CPU
		Release|Any CPU = Release|Any CPU
	EndGlobalSection
	GlobalSection(ProjectConfigurationPlatforms) = postSolution
		{E0409174-295E-4830-B584-C7A972E85D34}.Debug|Any CPU.ActiveCfg = Debug|Any CPU
		{E0409174-295E-4830-B584-C7A972E85D34}.Debug|Any CPU.Build.0 = Debug|Any CPU
		{E0409174-295E-4830-B584-C7A972E85D34}.Release|Any CPU.ActiveCfg = Release|Any CPU
		{E0409174-295E-4830-B584-C7A972E85D34}.Release|Any CPU.Build.0 = Release|Any CPU
	EndGlobalSection
	GlobalSection(SolutionProperties) = preSolution
		HideSolutionNode = FALSE
	EndGlobalSection
	GlobalSection(ExtensibilityGlobals) = postSolution
		SolutionGuid = {D8A3872B-8DD4-4F93-84D4-7F16E412A678}
	EndGlobalSection
EndGlobal
